
Microsoft Visual Studio Solution File, Format Version 12.00
# Visual Studio Version 17
VisualStudioVersion = 17.11.35303.130
MinimumVisualStudioVersion = 10.0.40219.1
Project("{2150E333-8FDC-42A3-9474-1A3956D46DE8}") = "Task0", "Task0", "{A94C7352-5966-4121-BE12-1E3FFD2FAFD2}"
EndProject
Project("{FAE04EC0-301F-11D3-BF4B-00C04F79EFBC}") = "Tyuiu.MusinND.Sprint0.Task0.V0", "Tyuiu.MusinND.Sprint0.Task0.V0\Tyuiu.MusinND.Sprint0.Task0.V0.csproj", "{20399684-FA0F-4FA5-BBB8-3E4E75289A4E}"
EndProject
Project("{2150E333-8FDC-42A3-9474-1A3956D46DE8}") = "Task1", "Task1", "{8419F6A3-CCDD-4ECD-B38C-52A835510F04}"
EndProject
Project("{FAE04EC0-301F-11D3-BF4B-00C04F79EFBC}") = "Tyuiu.MusinND.Sprint0.Task1.V0", "Tyuiu.MusinND.Sprint0.Task1.V0\Tyuiu.MusinND.Sprint0.Task1.V0.csproj", "{C26906C0-6413-45DE-9EA7-93F96B51E499}"
EndProject
Project("{2150E333-8FDC-42A3-9474-1A3956D46DE8}") = "Task2", "Task2", "{0BBEE565-01D4-462E-B241-B1E207658ECC}"
EndProject
Project("{FAE04EC0-301F-11D3-BF4B-00C04F79EFBC}") = "Tyuiu.MusinND.Sprint0.Task2.V0", "Tyuiu.MusinND.Sprint0.Task2.V0\Tyuiu.MusinND.Sprint0.Task2.V0.csproj", "{D50857A7-C536-4067-A682-43269243A262}"
EndProject
Project("{FAE04EC0-301F-11D3-BF4B-00C04F79EFBC}") = "Tyuiu.MusinND.Sprint0.Task2.V0.Lib", "Tyuiu.MusinND.Sprint0.Task2.V0.Lib\Tyuiu.MusinND.Sprint0.Task2.V0.Lib.csproj", "{11C79415-667A-4376-8E89-6BE536989FD0}"
EndProject
Project("{FAE04EC0-301F-11D3-BF4B-00C04F79EFBC}") = "Tyuiu.MusinND.Sprint0.Task2.V0.Test", "Tyuiu.MusinND.Sprint0.Task2.V0.Test\Tyuiu.MusinND.Sprint0.Task2.V0.Test.csproj", "{40F0C6BE-9B9C-4B12-B7FF-4B1908AE2BFF}"
EndProject
Project("{2150E333-8FDC-42A3-9474-1A3956D46DE8}") = "Task3", "Task3", "{F5631EEA-5C77-4175-B601-F7A2D8A5168A}"
EndProject
Project("{FAE04EC0-301F-11D3-BF4B-00C04F79EFBC}") = "Tyuiu.MusinND.Sprint0.Task3.V0", "Tyuiu.MusinND.Sprint0.Task3.V0\Tyuiu.MusinND.Sprint0.Task3.V0.csproj", "{059C1CF7-1562-44DE-9330-F45C439737F7}"
EndProject
Project("{FAE04EC0-301F-11D3-BF4B-00C04F79EFBC}") = "Tyuiu.MusinND.Sprint0.Task3.V0.Lib", "Tyuiu.MusinND.Sprint0.Task3.V0.Lib\Tyuiu.MusinND.Sprint0.Task3.V0.Lib.csproj", "{E8680EB0-CD6A-4924-87B3-5439605C5A37}"
EndProject
Project("{FAE04EC0-301F-11D3-BF4B-00C04F79EFBC}") = "Tyuiu.MusinND.Sprint0.Task3.V0.Test", "Tyuiu.MusinND.Sprint0.Task3.V0.Test\Tyuiu.MusinND.Sprint0.Task3.V0.Test.csproj", "{4BB5409B-D012-4872-8D30-E7A50D9A4812}"
EndProject
Global
	GlobalSection(SolutionConfigurationPlatforms) = preSolution
		Debug|Any CPU = Debug|Any CPU
		Release|Any CPU = Release|Any CPU
	EndGlobalSection
	GlobalSection(ProjectConfigurationPlatforms) = postSolution
		{20399684-FA0F-4FA5-BBB8-3E4E75289A4E}.Debug|Any CPU.ActiveCfg = Debug|Any CPU
		{20399684-FA0F-4FA5-BBB8-3E4E75289A4E}.Debug|Any CPU.Build.0 = Debug|Any CPU
		{20399684-FA0F-4FA5-BBB8-3E4E75289A4E}.Release|Any CPU.ActiveCfg = Release|Any CPU
		{20399684-FA0F-4FA5-BBB8-3E4E75289A4E}.Release|Any CPU.Build.0 = Release|Any CPU
		{C26906C0-6413-45DE-9EA7-93F96B51E499}.Debug|Any CPU.ActiveCfg = Debug|Any CPU
		{C26906C0-6413-45DE-9EA7-93F96B51E499}.Debug|Any CPU.Build.0 = Debug|Any CPU
		{C26906C0-6413-45DE-9EA7-93F96B51E499}.Release|Any CPU.ActiveCfg = Release|Any CPU
		{C26906C0-6413-45DE-9EA7-93F96B51E499}.Release|Any CPU.Build.0 = Release|Any CPU
		{D50857A7-C536-4067-A682-43269243A262}.Debug|Any CPU.ActiveCfg = Debug|Any CPU
		{D50857A7-C536-4067-A682-43269243A262}.Debug|Any CPU.Build.0 = Debug|Any CPU
		{D50857A7-C536-4067-A682-43269243A262}.Release|Any CPU.ActiveCfg = Release|Any CPU
		{D50857A7-C536-4067-A682-43269243A262}.Release|Any CPU.Build.0 = Release|Any CPU
		{11C79415-667A-4376-8E89-6BE536989FD0}.Debug|Any CPU.ActiveCfg = Debug|Any CPU
		{11C79415-667A-4376-8E89-6BE536989FD0}.Debug|Any CPU.Build.0 = Debug|Any CPU
		{11C79415-667A-4376-8E89-6BE536989FD0}.Release|Any CPU.ActiveCfg = Release|Any CPU
		{11C79415-667A-4376-8E89-6BE536989FD0}.Release|Any CPU.Build.0 = Release|Any CPU
		{40F0C6BE-9B9C-4B12-B7FF-4B1908AE2BFF}.Debug|Any CPU.ActiveCfg = Debug|Any CPU
		{40F0C6BE-9B9C-4B12-B7FF-4B1908AE2BFF}.Debug|Any CPU.Build.0 = Debug|Any CPU
		{40F0C6BE-9B9C-4B12-B7FF-4B1908AE2BFF}.Release|Any CPU.ActiveCfg = Release|Any CPU
		{40F0C6BE-9B9C-4B12-B7FF-4B1908AE2BFF}.Release|Any CPU.Build.0 = Release|Any CPU
		{059C1CF7-1562-44DE-9330-F45C439737F7}.Debug|Any CPU.ActiveCfg = Debug|Any CPU
		{059C1CF7-1562-44DE-9330-F45C439737F7}.Debug|Any CPU.Build.0 = Debug|Any CPU
		{059C1CF7-1562-44DE-9330-F45C439737F7}.Release|Any CPU.ActiveCfg = Release|Any CPU
		{059C1CF7-1562-44DE-9330-F45C439737F7}.Release|Any CPU.Build.0 = Release|Any CPU
		{E8680EB0-CD6A-4924-87B3-5439605C5A37}.Debug|Any CPU.ActiveCfg = Debug|Any CPU
		{E8680EB0-CD6A-4924-87B3-5439605C5A37}.Debug|Any CPU.Build.0 = Debug|Any CPU
		{E8680EB0-CD6A-4924-87B3-5439605C5A37}.Release|Any CPU.ActiveCfg = Release|Any CPU
		{E8680EB0-CD6A-4924-87B3-5439605C5A37}.Release|Any CPU.Build.0 = Release|Any CPU
		{4BB5409B-D012-4872-8D30-E7A50D9A4812}.Debug|Any CPU.ActiveCfg = Debug|Any CPU
		{4BB5409B-D012-4872-8D30-E7A50D9A4812}.Debug|Any CPU.Build.0 = Debug|Any CPU
		{4BB5409B-D012-4872-8D30-E7A50D9A4812}.Release|Any CPU.ActiveCfg = Release|Any CPU
		{4BB5409B-D012-4872-8D30-E7A50D9A4812}.Release|Any CPU.Build.0 = Release|Any CPU
	EndGlobalSection
	GlobalSection(SolutionProperties) = preSolution
		HideSolutionNode = FALSE
	EndGlobalSection
	GlobalSection(NestedProjects) = preSolution
		{20399684-FA0F-4FA5-BBB8-3E4E75289A4E} = {A94C7352-5966-4121-BE12-1E3FFD2FAFD2}
		{C26906C0-6413-45DE-9EA7-93F96B51E499} = {8419F6A3-CCDD-4ECD-B38C-52A835510F04}
		{D50857A7-C536-4067-A682-43269243A262} = {0BBEE565-01D4-462E-B241-B1E207658ECC}
		{11C79415-667A-4376-8E89-6BE536989FD0} = {0BBEE565-01D4-462E-B241-B1E207658ECC}
		{40F0C6BE-9B9C-4B12-B7FF-4B1908AE2BFF} = {0BBEE565-01D4-462E-B241-B1E207658ECC}
		{059C1CF7-1562-44DE-9330-F45C439737F7} = {F5631EEA-5C77-4175-B601-F7A2D8A5168A}
		{E8680EB0-CD6A-4924-87B3-5439605C5A37} = {F5631EEA-5C77-4175-B601-F7A2D8A5168A}
		{4BB5409B-D012-4872-8D30-E7A50D9A4812} = {F5631EEA-5C77-4175-B601-F7A2D8A5168A}
	EndGlobalSection
	GlobalSection(ExtensibilityGlobals) = postSolution
		SolutionGuid = {58772852-B4AF-4BE0-A6C7-C49C406656FD}
	EndGlobalSection
EndGlobal
